
Microsoft Visual Studio Solution File, Format Version 12.00
# Visual Studio 2012
Project("{FAE04EC0-301F-11D3-BF4B-00C04F79EFBC}") = "HelloWorld", "HelloWorld\HelloWorld.csproj", "{23F4B3CE-DBC4-4AE0-8B44-17F4C94BDC59}"
EndProject
Global
	GlobalSection(SolutionConfigurationPlatforms) = preSolution
		Debug|Any CPU = Debug|Any CPU
		Release|Any CPU = Release|Any CPU
	EndGlobalSection
	GlobalSection(ProjectConfigurationPlatforms) = postSolution
		{23F4B3CE-DBC4-4AE0-8B44-17F4C94BDC59}.Debug|Any CPU.ActiveCfg = Debug|Any CPU
		{23F4B3CE-DBC4-4AE0-8B44-17F4C94BDC59}.Debug|Any CPU.Build.0 = Debug|Any CPU
		{23F4B3CE-DBC4-4AE0-8B44-17F4C94BDC59}.Release|Any CPU.ActiveCfg = Release|Any CPU
		{23F4B3CE-DBC4-4AE0-8B44-17F4C94BDC59}.Release|Any CPU.Build.0 = Release|Any CPU
	EndGlobalSection
	GlobalSection(SolutionProperties) = preSolution
		HideSolutionNode = FALSE
	EndGlobalSection
EndGlobal
